
Microsoft Visual Studio Solution File, Format Version 12.00
# Visual Studio 2012
Project("{FAE04EC0-301F-11D3-BF4B-00C04F79EFBC}") = "WeaponsFactory.Models", "WeaponsFactory.Models\WeaponsFactory.Models.csproj", "{475A37E3-B81B-4DD9-AE82-A6B213B332EF}"
EndProject
Project("{FAE04EC0-301F-11D3-BF4B-00C04F79EFBC}") = "WeaponsFactory.Data", "WeaponsFactory.Data\WeaponsFactory.Data.csproj", "{74C7CE91-BD2A-444F-8CCA-04DED1472BFA}"
EndProject
Project("{FAE04EC0-301F-11D3-BF4B-00C04F79EFBC}") = "WeaponsFactory.ConsoleClient", "WeaponsFactory.ConsoleClient\WeaponsFactory.ConsoleClient.csproj", "{9AB008E4-0CFC-48DC-B3D5-54AF4407F386}"
EndProject
Project("{FAE04EC0-301F-11D3-BF4B-00C04F79EFBC}") = "WeaponsFactory.DataAccess", "WeaponsFactory.DataAccess\WeaponsFactory.DataAccess.csproj", "{6F9C2621-695C-4BDE-881B-157DCAA75C07}"
EndProject
Project("{FAE04EC0-301F-11D3-BF4B-00C04F79EFBC}") = "ExcelOperationsModule", "ExcelOperationsModule\ExcelOperationsModule.csproj", "{6A1DA147-0DAE-40E3-B412-95CE83F4B3B0}"
EndProject
Global
	GlobalSection(SolutionConfigurationPlatforms) = preSolution
		Debug|Any CPU = Debug|Any CPU
		Release|Any CPU = Release|Any CPU
	EndGlobalSection
	GlobalSection(ProjectConfigurationPlatforms) = postSolution
		{475A37E3-B81B-4DD9-AE82-A6B213B332EF}.Debug|Any CPU.ActiveCfg = Debug|Any CPU
		{475A37E3-B81B-4DD9-AE82-A6B213B332EF}.Debug|Any CPU.Build.0 = Debug|Any CPU
		{475A37E3-B81B-4DD9-AE82-A6B213B332EF}.Release|Any CPU.ActiveCfg = Release|Any CPU
		{475A37E3-B81B-4DD9-AE82-A6B213B332EF}.Release|Any CPU.Build.0 = Release|Any CPU
		{74C7CE91-BD2A-444F-8CCA-04DED1472BFA}.Debug|Any CPU.ActiveCfg = Debug|Any CPU
		{74C7CE91-BD2A-444F-8CCA-04DED1472BFA}.Debug|Any CPU.Build.0 = Debug|Any CPU
		{74C7CE91-BD2A-444F-8CCA-04DED1472BFA}.Release|Any CPU.ActiveCfg = Release|Any CPU
		{74C7CE91-BD2A-444F-8CCA-04DED1472BFA}.Release|Any CPU.Build.0 = Release|Any CPU
		{9AB008E4-0CFC-48DC-B3D5-54AF4407F386}.Debug|Any CPU.ActiveCfg = Debug|Any CPU
		{9AB008E4-0CFC-48DC-B3D5-54AF4407F386}.Debug|Any CPU.Build.0 = Debug|Any CPU
		{9AB008E4-0CFC-48DC-B3D5-54AF4407F386}.Release|Any CPU.ActiveCfg = Release|Any CPU
		{9AB008E4-0CFC-48DC-B3D5-54AF4407F386}.Release|Any CPU.Build.0 = Release|Any CPU
		{6F9C2621-695C-4BDE-881B-157DCAA75C07}.Debug|Any CPU.ActiveCfg = Debug|Any CPU
		{6F9C2621-695C-4BDE-881B-157DCAA75C07}.Debug|Any CPU.Build.0 = Debug|Any CPU
		{6F9C2621-695C-4BDE-881B-157DCAA75C07}.Release|Any CPU.ActiveCfg = Release|Any CPU
		{6F9C2621-695C-4BDE-881B-157DCAA75C07}.Release|Any CPU.Build.0 = Release|Any CPU
		{6A1DA147-0DAE-40E3-B412-95CE83F4B3B0}.Debug|Any CPU.ActiveCfg = Debug|Any CPU
		{6A1DA147-0DAE-40E3-B412-95CE83F4B3B0}.Debug|Any CPU.Build.0 = Debug|Any CPU
		{6A1DA147-0DAE-40E3-B412-95CE83F4B3B0}.Release|Any CPU.ActiveCfg = Release|Any CPU
		{6A1DA147-0DAE-40E3-B412-95CE83F4B3B0}.Release|Any CPU.Build.0 = Release|Any CPU
	EndGlobalSection
	GlobalSection(SolutionProperties) = preSolution
		HideSolutionNode = FALSE
	EndGlobalSection
EndGlobal
